// !$*UTF8*$!
{
	archiveVersion = 1;
	classes = {
	};
	objectVersion = 55;
	objects = {

/* Begin PBXBuildFile section */
		020E6CB927D747AC00DFF5F2 /* another-one-meme.mp3 in Resources */ = {isa = PBXBuildFile; fileRef = 020E6CB827D747AC00DFF5F2 /* another-one-meme.mp3 */; };
		028AF2B327CE07C50083CE85 /* AppDelegate.swift in Sources */ = {isa = PBXBuildFile; fileRef = 028AF2B227CE07C50083CE85 /* AppDelegate.swift */; };
		028AF2B527CE07C50083CE85 /* SceneDelegate.swift in Sources */ = {isa = PBXBuildFile; fileRef = 028AF2B427CE07C50083CE85 /* SceneDelegate.swift */; };
		028AF2B727CE07C50083CE85 /* ViewController.swift in Sources */ = {isa = PBXBuildFile; fileRef = 028AF2B627CE07C50083CE85 /* ViewController.swift */; };
		028AF2BA27CE07C50083CE85 /* Main.storyboard in Resources */ = {isa = PBXBuildFile; fileRef = 028AF2B827CE07C50083CE85 /* Main.storyboard */; };
		028AF2BC27CE07C60083CE85 /* Assets.xcassets in Resources */ = {isa = PBXBuildFile; fileRef = 028AF2BB27CE07C60083CE85 /* Assets.xcassets */; };
		028AF2BF27CE07C60083CE85 /* LaunchScreen.storyboard in Resources */ = {isa = PBXBuildFile; fileRef = 028AF2BD27CE07C60083CE85 /* LaunchScreen.storyboard */; };
		028AF2CA27CE07C60083CE85 /* memeTests.swift in Sources */ = {isa = PBXBuildFile; fileRef = 028AF2C927CE07C60083CE85 /* memeTests.swift */; };
		028AF2D427CE07C60083CE85 /* memeUITests.swift in Sources */ = {isa = PBXBuildFile; fileRef = 028AF2D327CE07C60083CE85 /* memeUITests.swift */; };
		028AF2D627CE07C60083CE85 /* memeUITestsLaunchTests.swift in Sources */ = {isa = PBXBuildFile; fileRef = 028AF2D527CE07C60083CE85 /* memeUITestsLaunchTests.swift */; };
		028AF2E727CE09750083CE85 /* Meme.swift in Sources */ = {isa = PBXBuildFile; fileRef = 028AF2E627CE09750083CE85 /* Meme.swift */; };
		028AF2E927CE0A4E0083CE85 /* MemeApi.swift in Sources */ = {isa = PBXBuildFile; fileRef = 028AF2E827CE0A4E0083CE85 /* MemeApi.swift */; };
		028AF2EB27CE12EF0083CE85 /* MemeViewController.swift in Sources */ = {isa = PBXBuildFile; fileRef = 028AF2EA27CE12EF0083CE85 /* MemeViewController.swift */; };
		028AF2ED27CE2E040083CE85 /* MemeDescriptionViewController.swift in Sources */ = {isa = PBXBuildFile; fileRef = 028AF2EC27CE2E040083CE85 /* MemeDescriptionViewController.swift */; };
		028AF2F027CE809D0083CE85 /* randomMemeViewController.swift in Sources */ = {isa = PBXBuildFile; fileRef = 028AF2EF27CE809D0083CE85 /* randomMemeViewController.swift */; };
		1BBD5E9DFF100EC0558FAC5D /* Pods_meme.framework in Frameworks */ = {isa = PBXBuildFile; fileRef = BC4709C91CD6CFE8B4717080 /* Pods_meme.framework */; };
		2ACD4945BA2D1BE932A31FD4 /* Pods_meme_memeUITests.framework in Frameworks */ = {isa = PBXBuildFile; fileRef = 48E3DABBF0B4900775AD19D5 /* Pods_meme_memeUITests.framework */; };
		AA8FDDE67C61C5191E6C172F /* Pods_memeTests.framework in Frameworks */ = {isa = PBXBuildFile; fileRef = A168EADA9C10C549BDAFD99F /* Pods_memeTests.framework */; };
/* End PBXBuildFile section */

/* Begin PBXContainerItemProxy section */
		028AF2C627CE07C60083CE85 /* PBXContainerItemProxy */ = {
			isa = PBXContainerItemProxy;
			containerPortal = 028AF2A727CE07C50083CE85 /* Project object */;
			proxyType = 1;
			remoteGlobalIDString = 028AF2AE27CE07C50083CE85;
			remoteInfo = meme;
		};
		028AF2D027CE07C60083CE85 /* PBXContainerItemProxy */ = {
			isa = PBXContainerItemProxy;
			containerPortal = 028AF2A727CE07C50083CE85 /* Project object */;
			proxyType = 1;
			remoteGlobalIDString = 028AF2AE27CE07C50083CE85;
			remoteInfo = meme;
		};
/* End PBXContainerItemProxy section */

/* Begin PBXFileReference section */
		020E6CB827D747AC00DFF5F2 /* another-one-meme.mp3 */ = {isa = PBXFileReference; lastKnownFileType = audio.mp3; name = "another-one-meme.mp3"; path = "../../../Documents/another-one-meme.mp3"; sourceTree = "<group>"; };
		028AF2AF27CE07C50083CE85 /* meme.app */ = {isa = PBXFileReference; explicitFileType = wrapper.application; includeInIndex = 0; path = meme.app; sourceTree = BUILT_PRODUCTS_DIR; };
		028AF2B227CE07C50083CE85 /* AppDelegate.swift */ = {isa = PBXFileReference; lastKnownFileType = sourcecode.swift; path = AppDelegate.swift; sourceTree = "<group>"; };
		028AF2B427CE07C50083CE85 /* SceneDelegate.swift */ = {isa = PBXFileReference; lastKnownFileType = sourcecode.swift; path = SceneDelegate.swift; sourceTree = "<group>"; };
		028AF2B627CE07C50083CE85 /* ViewController.swift */ = {isa = PBXFileReference; lastKnownFileType = sourcecode.swift; path = ViewController.swift; sourceTree = "<group>"; };
		028AF2B927CE07C50083CE85 /* Base */ = {isa = PBXFileReference; lastKnownFileType = file.storyboard; name = Base; path = Base.lproj/Main.storyboard; sourceTree = "<group>"; };
		028AF2BB27CE07C60083CE85 /* Assets.xcassets */ = {isa = PBXFileReference; lastKnownFileType = folder.assetcatalog; path = Assets.xcassets; sourceTree = "<group>"; };
		028AF2BE27CE07C60083CE85 /* Base */ = {isa = PBXFileReference; lastKnownFileType = file.storyboard; name = Base; path = Base.lproj/LaunchScreen.storyboard; sourceTree = "<group>"; };
		028AF2C027CE07C60083CE85 /* Info.plist */ = {isa = PBXFileReference; lastKnownFileType = text.plist.xml; path = Info.plist; sourceTree = "<group>"; };
		028AF2C527CE07C60083CE85 /* memeTests.xctest */ = {isa = PBXFileReference; explicitFileType = wrapper.cfbundle; includeInIndex = 0; path = memeTests.xctest; sourceTree = BUILT_PRODUCTS_DIR; };
		028AF2C927CE07C60083CE85 /* memeTests.swift */ = {isa = PBXFileReference; lastKnownFileType = sourcecode.swift; path = memeTests.swift; sourceTree = "<group>"; };
		028AF2CF27CE07C60083CE85 /* memeUITests.xctest */ = {isa = PBXFileReference; explicitFileType = wrapper.cfbundle; includeInIndex = 0; path = memeUITests.xctest; sourceTree = BUILT_PRODUCTS_DIR; };
		028AF2D327CE07C60083CE85 /* memeUITests.swift */ = {isa = PBXFileReference; lastKnownFileType = sourcecode.swift; path = memeUITests.swift; sourceTree = "<group>"; };
		028AF2D527CE07C60083CE85 /* memeUITestsLaunchTests.swift */ = {isa = PBXFileReference; lastKnownFileType = sourcecode.swift; path = memeUITestsLaunchTests.swift; sourceTree = "<group>"; };
		028AF2E627CE09750083CE85 /* Meme.swift */ = {isa = PBXFileReference; lastKnownFileType = sourcecode.swift; path = Meme.swift; sourceTree = "<group>"; };
		028AF2E827CE0A4E0083CE85 /* MemeApi.swift */ = {isa = PBXFileReference; lastKnownFileType = sourcecode.swift; path = MemeApi.swift; sourceTree = "<group>"; };
		028AF2EA27CE12EF0083CE85 /* MemeViewController.swift */ = {isa = PBXFileReference; lastKnownFileType = sourcecode.swift; path = MemeViewController.swift; sourceTree = "<group>"; };
		028AF2EC27CE2E040083CE85 /* MemeDescriptionViewController.swift */ = {isa = PBXFileReference; lastKnownFileType = sourcecode.swift; path = MemeDescriptionViewController.swift; sourceTree = "<group>"; };
		028AF2EF27CE809D0083CE85 /* randomMemeViewController.swift */ = {isa = PBXFileReference; lastKnownFileType = sourcecode.swift; path = randomMemeViewController.swift; sourceTree = "<group>"; };
		1C61BBF79A400B442E463BD7 /* Pods-memeTests.debug.xcconfig */ = {isa = PBXFileReference; includeInIndex = 1; lastKnownFileType = text.xcconfig; name = "Pods-memeTests.debug.xcconfig"; path = "Target Support Files/Pods-memeTests/Pods-memeTests.debug.xcconfig"; sourceTree = "<group>"; };
		29CF791CA793DED74BA07DCA /* Pods-meme-memeUITests.debug.xcconfig */ = {isa = PBXFileReference; includeInIndex = 1; lastKnownFileType = text.xcconfig; name = "Pods-meme-memeUITests.debug.xcconfig"; path = "Target Support Files/Pods-meme-memeUITests/Pods-meme-memeUITests.debug.xcconfig"; sourceTree = "<group>"; };
		48E3DABBF0B4900775AD19D5 /* Pods_meme_memeUITests.framework */ = {isa = PBXFileReference; explicitFileType = wrapper.framework; includeInIndex = 0; path = Pods_meme_memeUITests.framework; sourceTree = BUILT_PRODUCTS_DIR; };
		6911BA9D8C273D8B69AD49B4 /* Pods-memeTests.release.xcconfig */ = {isa = PBXFileReference; includeInIndex = 1; lastKnownFileType = text.xcconfig; name = "Pods-memeTests.release.xcconfig"; path = "Target Support Files/Pods-memeTests/Pods-memeTests.release.xcconfig"; sourceTree = "<group>"; };
		83C24D40817E4CC94D71CB68 /* Pods-meme.debug.xcconfig */ = {isa = PBXFileReference; includeInIndex = 1; lastKnownFileType = text.xcconfig; name = "Pods-meme.debug.xcconfig"; path = "Target Support Files/Pods-meme/Pods-meme.debug.xcconfig"; sourceTree = "<group>"; };
		A0A23A9603567C4448F6E862 /* Pods-meme-memeUITests.release.xcconfig */ = {isa = PBXFileReference; includeInIndex = 1; lastKnownFileType = text.xcconfig; name = "Pods-meme-memeUITests.release.xcconfig"; path = "Target Support Files/Pods-meme-memeUITests/Pods-meme-memeUITests.release.xcconfig"; sourceTree = "<group>"; };
		A168EADA9C10C549BDAFD99F /* Pods_memeTests.framework */ = {isa = PBXFileReference; explicitFileType = wrapper.framework; includeInIndex = 0; path = Pods_memeTests.framework; sourceTree = BUILT_PRODUCTS_DIR; };
		BC4709C91CD6CFE8B4717080 /* Pods_meme.framework */ = {isa = PBXFileReference; explicitFileType = wrapper.framework; includeInIndex = 0; path = Pods_meme.framework; sourceTree = BUILT_PRODUCTS_DIR; };
		CBFDFD15D446500327E823C9 /* Pods-meme.release.xcconfig */ = {isa = PBXFileReference; includeInIndex = 1; lastKnownFileType = text.xcconfig; name = "Pods-meme.release.xcconfig"; path = "Target Support Files/Pods-meme/Pods-meme.release.xcconfig"; sourceTree = "<group>"; };
/* End PBXFileReference section */

/* Begin PBXFrameworksBuildPhase section */
		028AF2AC27CE07C50083CE85 /* Frameworks */ = {
			isa = PBXFrameworksBuildPhase;
			buildActionMask = 2147483647;
			files = (
				1BBD5E9DFF100EC0558FAC5D /* Pods_meme.framework in Frameworks */,
			);
			runOnlyForDeploymentPostprocessing = 0;
		};
		028AF2C227CE07C60083CE85 /* Frameworks */ = {
			isa = PBXFrameworksBuildPhase;
			buildActionMask = 2147483647;
			files = (
				AA8FDDE67C61C5191E6C172F /* Pods_memeTests.framework in Frameworks */,
			);
			runOnlyForDeploymentPostprocessing = 0;
		};
		028AF2CC27CE07C60083CE85 /* Frameworks */ = {
			isa = PBXFrameworksBuildPhase;
			buildActionMask = 2147483647;
			files = (
				2ACD4945BA2D1BE932A31FD4 /* Pods_meme_memeUITests.framework in Frameworks */,
			);
			runOnlyForDeploymentPostprocessing = 0;
		};
/* End PBXFrameworksBuildPhase section */

/* Begin PBXGroup section */
		028AF2A627CE07C50083CE85 = {
			isa = PBXGroup;
			children = (
				028AF2B127CE07C50083CE85 /* meme */,
				028AF2C827CE07C60083CE85 /* memeTests */,
				028AF2D227CE07C60083CE85 /* memeUITests */,
				028AF2B027CE07C50083CE85 /* Products */,
				E2586CB1389B76C652E65F9E /* Pods */,
				BA5FED901E07C40C27DD09E7 /* Frameworks */,
			);
			sourceTree = "<group>";
		};
		028AF2B027CE07C50083CE85 /* Products */ = {
			isa = PBXGroup;
			children = (
				028AF2AF27CE07C50083CE85 /* meme.app */,
				028AF2C527CE07C60083CE85 /* memeTests.xctest */,
				028AF2CF27CE07C60083CE85 /* memeUITests.xctest */,
			);
			name = Products;
			sourceTree = "<group>";
		};
		028AF2B127CE07C50083CE85 /* meme */ = {
			isa = PBXGroup;
			children = (
				028AF2E527CE09260083CE85 /* view */,
				028AF2E427CE091F0083CE85 /* model */,
				028AF2E327CE09160083CE85 /* controller */,
				028AF2E227CE090B0083CE85 /* api */,
				028AF2B227CE07C50083CE85 /* AppDelegate.swift */,
				020E6CB827D747AC00DFF5F2 /* another-one-meme.mp3 */,
				028AF2B427CE07C50083CE85 /* SceneDelegate.swift */,
				028AF2B627CE07C50083CE85 /* ViewController.swift */,
				028AF2BB27CE07C60083CE85 /* Assets.xcassets */,
				028AF2BD27CE07C60083CE85 /* LaunchScreen.storyboard */,
				028AF2C027CE07C60083CE85 /* Info.plist */,
			);
			path = meme;
			sourceTree = "<group>";
		};
		028AF2C827CE07C60083CE85 /* memeTests */ = {
			isa = PBXGroup;
			children = (
				028AF2C927CE07C60083CE85 /* memeTests.swift */,
			);
			path = memeTests;
			sourceTree = "<group>";
		};
		028AF2D227CE07C60083CE85 /* memeUITests */ = {
			isa = PBXGroup;
			children = (
				028AF2D327CE07C60083CE85 /* memeUITests.swift */,
				028AF2D527CE07C60083CE85 /* memeUITestsLaunchTests.swift */,
			);
			path = memeUITests;
			sourceTree = "<group>";
		};
		028AF2E227CE090B0083CE85 /* api */ = {
			isa = PBXGroup;
			children = (
				028AF2E827CE0A4E0083CE85 /* MemeApi.swift */,
			);
			path = api;
			sourceTree = "<group>";
		};
		028AF2E327CE09160083CE85 /* controller */ = {
			isa = PBXGroup;
			children = (
				028AF2EA27CE12EF0083CE85 /* MemeViewController.swift */,
				028AF2EC27CE2E040083CE85 /* MemeDescriptionViewController.swift */,
				028AF2EF27CE809D0083CE85 /* randomMemeViewController.swift */,
			);
			path = controller;
			sourceTree = "<group>";
		};
		028AF2E427CE091F0083CE85 /* model */ = {
			isa = PBXGroup;
			children = (
				028AF2E627CE09750083CE85 /* Meme.swift */,
			);
			path = model;
			sourceTree = "<group>";
		};
		028AF2E527CE09260083CE85 /* view */ = {
			isa = PBXGroup;
			children = (
				028AF2B827CE07C50083CE85 /* Main.storyboard */,
			);
			path = view;
			sourceTree = "<group>";
		};
		BA5FED901E07C40C27DD09E7 /* Frameworks */ = {
			isa = PBXGroup;
			children = (
				BC4709C91CD6CFE8B4717080 /* Pods_meme.framework */,
				48E3DABBF0B4900775AD19D5 /* Pods_meme_memeUITests.framework */,
				A168EADA9C10C549BDAFD99F /* Pods_memeTests.framework */,
			);
			name = Frameworks;
			sourceTree = "<group>";
		};
		E2586CB1389B76C652E65F9E /* Pods */ = {
			isa = PBXGroup;
			children = (
				83C24D40817E4CC94D71CB68 /* Pods-meme.debug.xcconfig */,
				CBFDFD15D446500327E823C9 /* Pods-meme.release.xcconfig */,
				29CF791CA793DED74BA07DCA /* Pods-meme-memeUITests.debug.xcconfig */,
				A0A23A9603567C4448F6E862 /* Pods-meme-memeUITests.release.xcconfig */,
				1C61BBF79A400B442E463BD7 /* Pods-memeTests.debug.xcconfig */,
				6911BA9D8C273D8B69AD49B4 /* Pods-memeTests.release.xcconfig */,
			);
			path = Pods;
			sourceTree = "<group>";
		};
/* End PBXGroup section */

/* Begin PBXNativeTarget section */
		028AF2AE27CE07C50083CE85 /* meme */ = {
			isa = PBXNativeTarget;
			buildConfigurationList = 028AF2D927CE07C60083CE85 /* Build configuration list for PBXNativeTarget "meme" */;
			buildPhases = (
				09A192D50E7887A98C6B625B /* [CP] Check Pods Manifest.lock */,
				028AF2AB27CE07C50083CE85 /* Sources */,
				028AF2AC27CE07C50083CE85 /* Frameworks */,
				028AF2AD27CE07C50083CE85 /* Resources */,
				83F4623427A9031D6C6E2DF1 /* [CP] Embed Pods Frameworks */,
			);
			buildRules = (
			);
			dependencies = (
			);
			name = meme;
			productName = meme;
			productReference = 028AF2AF27CE07C50083CE85 /* meme.app */;
			productType = "com.apple.product-type.application";
		};
		028AF2C427CE07C60083CE85 /* memeTests */ = {
			isa = PBXNativeTarget;
			buildConfigurationList = 028AF2DC27CE07C60083CE85 /* Build configuration list for PBXNativeTarget "memeTests" */;
			buildPhases = (
				12D8B2B42DD150560CD8C3C3 /* [CP] Check Pods Manifest.lock */,
				028AF2C127CE07C60083CE85 /* Sources */,
				028AF2C227CE07C60083CE85 /* Frameworks */,
				028AF2C327CE07C60083CE85 /* Resources */,
			);
			buildRules = (
			);
			dependencies = (
				028AF2C727CE07C60083CE85 /* PBXTargetDependency */,
			);
			name = memeTests;
			productName = memeTests;
			productReference = 028AF2C527CE07C60083CE85 /* memeTests.xctest */;
			productType = "com.apple.product-type.bundle.unit-test";
		};
		028AF2CE27CE07C60083CE85 /* memeUITests */ = {
			isa = PBXNativeTarget;
			buildConfigurationList = 028AF2DF27CE07C60083CE85 /* Build configuration list for PBXNativeTarget "memeUITests" */;
			buildPhases = (
				8FE07A448153B9D0CE2C0E98 /* [CP] Check Pods Manifest.lock */,
				028AF2CB27CE07C60083CE85 /* Sources */,
				028AF2CC27CE07C60083CE85 /* Frameworks */,
				028AF2CD27CE07C60083CE85 /* Resources */,
				510E2F312F34D2810E5AB831 /* [CP] Embed Pods Frameworks */,
			);
			buildRules = (
			);
			dependencies = (
				028AF2D127CE07C60083CE85 /* PBXTargetDependency */,
			);
			name = memeUITests;
			productName = memeUITests;
			productReference = 028AF2CF27CE07C60083CE85 /* memeUITests.xctest */;
			productType = "com.apple.product-type.bundle.ui-testing";
		};
/* End PBXNativeTarget section */

/* Begin PBXProject section */
		028AF2A727CE07C50083CE85 /* Project object */ = {
			isa = PBXProject;
			attributes = {
				BuildIndependentTargetsInParallel = 1;
				LastSwiftUpdateCheck = 1310;
				LastUpgradeCheck = 1310;
				TargetAttributes = {
					028AF2AE27CE07C50083CE85 = {
						CreatedOnToolsVersion = 13.1;
					};
					028AF2C427CE07C60083CE85 = {
						CreatedOnToolsVersion = 13.1;
						TestTargetID = 028AF2AE27CE07C50083CE85;
					};
					028AF2CE27CE07C60083CE85 = {
						CreatedOnToolsVersion = 13.1;
						TestTargetID = 028AF2AE27CE07C50083CE85;
					};
				};
			};
			buildConfigurationList = 028AF2AA27CE07C50083CE85 /* Build configuration list for PBXProject "meme" */;
			compatibilityVersion = "Xcode 13.0";
			developmentRegion = en;
			hasScannedForEncodings = 0;
			knownRegions = (
				en,
				Base,
			);
			mainGroup = 028AF2A627CE07C50083CE85;
			productRefGroup = 028AF2B027CE07C50083CE85 /* Products */;
			projectDirPath = "";
			projectRoot = "";
			targets = (
				028AF2AE27CE07C50083CE85 /* meme */,
				028AF2C427CE07C60083CE85 /* memeTests */,
				028AF2CE27CE07C60083CE85 /* memeUITests */,
			);
		};
/* End PBXProject section */

/* Begin PBXResourcesBuildPhase section */
		028AF2AD27CE07C50083CE85 /* Resources */ = {
			isa = PBXResourcesBuildPhase;
			buildActionMask = 2147483647;
			files = (
				028AF2BF27CE07C60083CE85 /* LaunchScreen.storyboard in Resources */,
				028AF2BC27CE07C60083CE85 /* Assets.xcassets in Resources */,
				028AF2BA27CE07C50083CE85 /* Main.storyboard in Resources */,
				020E6CB927D747AC00DFF5F2 /* another-one-meme.mp3 in Resources */,
			);
			runOnlyForDeploymentPostprocessing = 0;
		};
		028AF2C327CE07C60083CE85 /* Resources */ = {
			isa = PBXResourcesBuildPhase;
			buildActionMask = 2147483647;
			files = (
			);
			runOnlyForDeploymentPostprocessing = 0;
		};
		028AF2CD27CE07C60083CE85 /* Resources */ = {
			isa = PBXResourcesBuildPhase;
			buildActionMask = 2147483647;
			files = (
			);
			runOnlyForDeploymentPostprocessing = 0;
		};
/* End PBXResourcesBuildPhase section */

/* Begin PBXShellScriptBuildPhase section */
		09A192D50E7887A98C6B625B /* [CP] Check Pods Manifest.lock */ = {
			isa = PBXShellScriptBuildPhase;
			buildActionMask = 2147483647;
			files = (
			);
			inputFileListPaths = (
			);
			inputPaths = (
				"${PODS_PODFILE_DIR_PATH}/Podfile.lock",
				"${PODS_ROOT}/Manifest.lock",
			);
			name = "[CP] Check Pods Manifest.lock";
			outputFileListPaths = (
			);
			outputPaths = (
				"$(DERIVED_FILE_DIR)/Pods-meme-checkManifestLockResult.txt",
			);
			runOnlyForDeploymentPostprocessing = 0;
			shellPath = /bin/sh;
			shellScript = "diff \"${PODS_PODFILE_DIR_PATH}/Podfile.lock\" \"${PODS_ROOT}/Manifest.lock\" > /dev/null\nif [ $? != 0 ] ; then\n    # print error to STDERR\n    echo \"error: The sandbox is not in sync with the Podfile.lock. Run 'pod install' or update your CocoaPods installation.\" >&2\n    exit 1\nfi\n# This output is used by Xcode 'outputs' to avoid re-running this script phase.\necho \"SUCCESS\" > \"${SCRIPT_OUTPUT_FILE_0}\"\n";
			showEnvVarsInLog = 0;
		};
		12D8B2B42DD150560CD8C3C3 /* [CP] Check Pods Manifest.lock */ = {
			isa = PBXShellScriptBuildPhase;
			buildActionMask = 2147483647;
			files = (
			);
			inputFileListPaths = (
			);
			inputPaths = (
				"${PODS_PODFILE_DIR_PATH}/Podfile.lock",
				"${PODS_ROOT}/Manifest.lock",
			);
			name = "[CP] Check Pods Manifest.lock";
			outputFileListPaths = (
			);
			outputPaths = (
				"$(DERIVED_FILE_DIR)/Pods-memeTests-checkManifestLockResult.txt",
			);
			runOnlyForDeploymentPostprocessing = 0;
			shellPath = /bin/sh;
			shellScript = "diff \"${PODS_PODFILE_DIR_PATH}/Podfile.lock\" \"${PODS_ROOT}/Manifest.lock\" > /dev/null\nif [ $? != 0 ] ; then\n    # print error to STDERR\n    echo \"error: The sandbox is not in sync with the Podfile.lock. Run 'pod install' or update your CocoaPods installation.\" >&2\n    exit 1\nfi\n# This output is used by Xcode 'outputs' to avoid re-running this script phase.\necho \"SUCCESS\" > \"${SCRIPT_OUTPUT_FILE_0}\"\n";
			showEnvVarsInLog = 0;
		};
		510E2F312F34D2810E5AB831 /* [CP] Embed Pods Frameworks */ = {
			isa = PBXShellScriptBuildPhase;
			buildActionMask = 2147483647;
			files = (
			);
			inputFileListPaths = (
				"${PODS_ROOT}/Target Support Files/Pods-meme-memeUITests/Pods-meme-memeUITests-frameworks-${CONFIGURATION}-input-files.xcfilelist",
			);
			name = "[CP] Embed Pods Frameworks";
			outputFileListPaths = (
				"${PODS_ROOT}/Target Support Files/Pods-meme-memeUITests/Pods-meme-memeUITests-frameworks-${CONFIGURATION}-output-files.xcfilelist",
			);
			runOnlyForDeploymentPostprocessing = 0;
			shellPath = /bin/sh;
			shellScript = "\"${PODS_ROOT}/Target Support Files/Pods-meme-memeUITests/Pods-meme-memeUITests-frameworks.sh\"\n";
			showEnvVarsInLog = 0;
		};
		83F4623427A9031D6C6E2DF1 /* [CP] Embed Pods Frameworks */ = {
			isa = PBXShellScriptBuildPhase;
			buildActionMask = 2147483647;
			files = (
			);
			inputFileListPaths = (
				"${PODS_ROOT}/Target Support Files/Pods-meme/Pods-meme-frameworks-${CONFIGURATION}-input-files.xcfilelist",
			);
			name = "[CP] Embed Pods Frameworks";
			outputFileListPaths = (
				"${PODS_ROOT}/Target Support Files/Pods-meme/Pods-meme-frameworks-${CONFIGURATION}-output-files.xcfilelist",
			);
			runOnlyForDeploymentPostprocessing = 0;
			shellPath = /bin/sh;
			shellScript = "\"${PODS_ROOT}/Target Support Files/Pods-meme/Pods-meme-frameworks.sh\"\n";
			showEnvVarsInLog = 0;
		};
		8FE07A448153B9D0CE2C0E98 /* [CP] Check Pods Manifest.lock */ = {
			isa = PBXShellScriptBuildPhase;
			buildActionMask = 2147483647;
			files = (
			);
			inputFileListPaths = (
			);
			inputPaths = (
				"${PODS_PODFILE_DIR_PATH}/Podfile.lock",
				"${PODS_ROOT}/Manifest.lock",
			);
			name = "[CP] Check Pods Manifest.lock";
			outputFileListPaths = (
			);
			outputPaths = (
				"$(DERIVED_FILE_DIR)/Pods-meme-memeUITests-checkManifestLockResult.txt",
			);
			runOnlyForDeploymentPostprocessing = 0;
			shellPath = /bin/sh;
			shellScript = "diff \"${PODS_PODFILE_DIR_PATH}/Podfile.lock\" \"${PODS_ROOT}/Manifest.lock\" > /dev/null\nif [ $? != 0 ] ; then\n    # print error to STDERR\n    echo \"error: The sandbox is not in sync with the Podfile.lock. Run 'pod install' or update your CocoaPods installation.\" >&2\n    exit 1\nfi\n# This output is used by Xcode 'outputs' to avoid re-running this script phase.\necho \"SUCCESS\" > \"${SCRIPT_OUTPUT_FILE_0}\"\n";
			showEnvVarsInLog = 0;
		};
/* End PBXShellScriptBuildPhase section */

/* Begin PBXSourcesBuildPhase section */
		028AF2AB27CE07C50083CE85 /* Sources */ = {
			isa = PBXSourcesBuildPhase;
			buildActionMask = 2147483647;
			files = (
				028AF2E927CE0A4E0083CE85 /* MemeApi.swift in Sources */,
				028AF2B727CE07C50083CE85 /* ViewController.swift in Sources */,
				028AF2E727CE09750083CE85 /* Meme.swift in Sources */,
				028AF2B327CE07C50083CE85 /* AppDelegate.swift in Sources */,
				028AF2EB27CE12EF0083CE85 /* MemeViewController.swift in Sources */,
				028AF2F027CE809D0083CE85 /* randomMemeViewController.swift in Sources */,
				028AF2B527CE07C50083CE85 /* SceneDelegate.swift in Sources */,
				028AF2ED27CE2E040083CE85 /* MemeDescriptionViewController.swift in Sources */,
			);
			runOnlyForDeploymentPostprocessing = 0;
		};
		028AF2C127CE07C60083CE85 /* Sources */ = {
			isa = PBXSourcesBuildPhase;
			buildActionMask = 2147483647;
			files = (
				028AF2CA27CE07C60083CE85 /* memeTests.swift in Sources */,
			);
			runOnlyForDeploymentPostprocessing = 0;
		};
		028AF2CB27CE07C60083CE85 /* Sources */ = {
			isa = PBXSourcesBuildPhase;
			buildActionMask = 2147483647;
			files = (
				028AF2D627CE07C60083CE85 /* memeUITestsLaunchTests.swift in Sources */,
				028AF2D427CE07C60083CE85 /* memeUITests.swift in Sources */,
			);
			runOnlyForDeploymentPostprocessing = 0;
		};
/* End PBXSourcesBuildPhase section */

/* Begin PBXTargetDependency section */
		028AF2C727CE07C60083CE85 /* PBXTargetDependency */ = {
			isa = PBXTargetDependency;
			target = 028AF2AE27CE07C50083CE85 /* meme */;
			targetProxy = 028AF2C627CE07C60083CE85 /* PBXContainerItemProxy */;
		};
		028AF2D127CE07C60083CE85 /* PBXTargetDependency */ = {
			isa = PBXTargetDependency;
			target = 028AF2AE27CE07C50083CE85 /* meme */;
			targetProxy = 028AF2D027CE07C60083CE85 /* PBXContainerItemProxy */;
		};
/* End PBXTargetDependency section */

/* Begin PBXVariantGroup section */
		028AF2B827CE07C50083CE85 /* Main.storyboard */ = {
			isa = PBXVariantGroup;
			children = (
				028AF2B927CE07C50083CE85 /* Base */,
			);
			name = Main.storyboard;
			sourceTree = "<group>";
		};
		028AF2BD27CE07C60083CE85 /* LaunchScreen.storyboard */ = {
			isa = PBXVariantGroup;
			children = (
				028AF2BE27CE07C60083CE85 /* Base */,
			);
			name = LaunchScreen.storyboard;
			sourceTree = "<group>";
		};
/* End PBXVariantGroup section */

/* Begin XCBuildConfiguration section */
		028AF2D727CE07C60083CE85 /* Debug */ = {
			isa = XCBuildConfiguration;
			buildSettings = {
				ALWAYS_SEARCH_USER_PATHS = NO;
				CLANG_ANALYZER_NONNULL = YES;
				CLANG_ANALYZER_NUMBER_OBJECT_CONVERSION = YES_AGGRESSIVE;
				CLANG_CXX_LANGUAGE_STANDARD = "gnu++17";
				CLANG_CXX_LIBRARY = "libc++";
				CLANG_ENABLE_MODULES = YES;
				CLANG_ENABLE_OBJC_ARC = YES;
				CLANG_ENABLE_OBJC_WEAK = YES;
				CLANG_WARN_BLOCK_CAPTURE_AUTORELEASING = YES;
				CLANG_WARN_BOOL_CONVERSION = YES;
				CLANG_WARN_COMMA = YES;
				CLANG_WARN_CONSTANT_CONVERSION = YES;
				CLANG_WARN_DEPRECATED_OBJC_IMPLEMENTATIONS = YES;
				CLANG_WARN_DIRECT_OBJC_ISA_USAGE = YES_ERROR;
				CLANG_WARN_DOCUMENTATION_COMMENTS = YES;
				CLANG_WARN_EMPTY_BODY = YES;
				CLANG_WARN_ENUM_CONVERSION = YES;
				CLANG_WARN_INFINITE_RECURSION = YES;
				CLANG_WARN_INT_CONVERSION = YES;
				CLANG_WARN_NON_LITERAL_NULL_CONVERSION = YES;
				CLANG_WARN_OBJC_IMPLICIT_RETAIN_SELF = YES;
				CLANG_WARN_OBJC_LITERAL_CONVERSION = YES;
				CLANG_WARN_OBJC_ROOT_CLASS = YES_ERROR;
				CLANG_WARN_QUOTED_INCLUDE_IN_FRAMEWORK_HEADER = YES;
				CLANG_WARN_RANGE_LOOP_ANALYSIS = YES;
				CLANG_WARN_STRICT_PROTOTYPES = YES;
				CLANG_WARN_SUSPICIOUS_MOVE = YES;
				CLANG_WARN_UNGUARDED_AVAILABILITY = YES_AGGRESSIVE;
				CLANG_WARN_UNREACHABLE_CODE = YES;
				CLANG_WARN__DUPLICATE_METHOD_MATCH = YES;
				COPY_PHASE_STRIP = NO;
				DEBUG_INFORMATION_FORMAT = dwarf;
				ENABLE_STRICT_OBJC_MSGSEND = YES;
				ENABLE_TESTABILITY = YES;
				GCC_C_LANGUAGE_STANDARD = gnu11;
				GCC_DYNAMIC_NO_PIC = NO;
				GCC_NO_COMMON_BLOCKS = YES;
				GCC_OPTIMIZATION_LEVEL = 0;
				GCC_PREPROCESSOR_DEFINITIONS = (
					"DEBUG=1",
					"$(inherited)",
				);
				GCC_WARN_64_TO_32_BIT_CONVERSION = YES;
				GCC_WARN_ABOUT_RETURN_TYPE = YES_ERROR;
				GCC_WARN_UNDECLARED_SELECTOR = YES;
				GCC_WARN_UNINITIALIZED_AUTOS = YES_AGGRESSIVE;
				GCC_WARN_UNUSED_FUNCTION = YES;
				GCC_WARN_UNUSED_VARIABLE = YES;
				IPHONEOS_DEPLOYMENT_TARGET = 15.0;
				MTL_ENABLE_DEBUG_INFO = INCLUDE_SOURCE;
				MTL_FAST_MATH = YES;
				ONLY_ACTIVE_ARCH = YES;
				SDKROOT = iphoneos;
				SWIFT_ACTIVE_COMPILATION_CONDITIONS = DEBUG;
				SWIFT_OPTIMIZATION_LEVEL = "-Onone";
			};
			name = Debug;
		};
		028AF2D827CE07C60083CE85 /* Release */ = {
			isa = XCBuildConfiguration;
			buildSettings = {
				ALWAYS_SEARCH_USER_PATHS = NO;
				CLANG_ANALYZER_NONNULL = YES;
				CLANG_ANALYZER_NUMBER_OBJECT_CONVERSION = YES_AGGRESSIVE;
				CLANG_CXX_LANGUAGE_STANDARD = "gnu++17";
				CLANG_CXX_LIBRARY = "libc++";
				CLANG_ENABLE_MODULES = YES;
				CLANG_ENABLE_OBJC_ARC = YES;
				CLANG_ENABLE_OBJC_WEAK = YES;
				CLANG_WARN_BLOCK_CAPTURE_AUTORELEASING = YES;
				CLANG_WARN_BOOL_CONVERSION = YES;
				CLANG_WARN_COMMA = YES;
				CLANG_WARN_CONSTANT_CONVERSION = YES;
				CLANG_WARN_DEPRECATED_OBJC_IMPLEMENTATIONS = YES;
				CLANG_WARN_DIRECT_OBJC_ISA_USAGE = YES_ERROR;
				CLANG_WARN_DOCUMENTATION_COMMENTS = YES;
				CLANG_WARN_EMPTY_BODY = YES;
				CLANG_WARN_ENUM_CONVERSION = YES;
				CLANG_WARN_INFINITE_RECURSION = YES;
				CLANG_WARN_INT_CONVERSION = YES;
				CLANG_WARN_NON_LITERAL_NULL_CONVERSION = YES;
				CLANG_WARN_OBJC_IMPLICIT_RETAIN_SELF = YES;
				CLANG_WARN_OBJC_LITERAL_CONVERSION = YES;
				CLANG_WARN_OBJC_ROOT_CLASS = YES_ERROR;
				CLANG_WARN_QUOTED_INCLUDE_IN_FRAMEWORK_HEADER = YES;
				CLANG_WARN_RANGE_LOOP_ANALYSIS = YES;
				CLANG_WARN_STRICT_PROTOTYPES = YES;
				CLANG_WARN_SUSPICIOUS_MOVE = YES;
				CLANG_WARN_UNGUARDED_AVAILABILITY = YES_AGGRESSIVE;
				CLANG_WARN_UNREACHABLE_CODE = YES;
				CLANG_WARN__DUPLICATE_METHOD_MATCH = YES;
				COPY_PHASE_STRIP = NO;
				DEBUG_INFORMATION_FORMAT = "dwarf-with-dsym";
				ENABLE_NS_ASSERTIONS = NO;
				ENABLE_STRICT_OBJC_MSGSEND = YES;
				GCC_C_LANGUAGE_STANDARD = gnu11;
				GCC_NO_COMMON_BLOCKS = YES;
				GCC_WARN_64_TO_32_BIT_CONVERSION = YES;
				GCC_WARN_ABOUT_RETURN_TYPE = YES_ERROR;
				GCC_WARN_UNDECLARED_SELECTOR = YES;
				GCC_WARN_UNINITIALIZED_AUTOS = YES_AGGRESSIVE;
				GCC_WARN_UNUSED_FUNCTION = YES;
				GCC_WARN_UNUSED_VARIABLE = YES;
				IPHONEOS_DEPLOYMENT_TARGET = 15.0;
				MTL_ENABLE_DEBUG_INFO = NO;
				MTL_FAST_MATH = YES;
				SDKROOT = iphoneos;
				SWIFT_COMPILATION_MODE = wholemodule;
				SWIFT_OPTIMIZATION_LEVEL = "-O";
				VALIDATE_PRODUCT = YES;
			};
			name = Release;
		};
		028AF2DA27CE07C60083CE85 /* Debug */ = {
			isa = XCBuildConfiguration;
			baseConfigurationReference = 83C24D40817E4CC94D71CB68 /* Pods-meme.debug.xcconfig */;
			buildSettings = {
				ASSETCATALOG_COMPILER_APPICON_NAME = AppIcon;
				ASSETCATALOG_COMPILER_GLOBAL_ACCENT_COLOR_NAME = AccentColor;
				CODE_SIGN_STYLE = Automatic;
				CURRENT_PROJECT_VERSION = 1;
				GENERATE_INFOPLIST_FILE = YES;
				INFOPLIST_FILE = meme/Info.plist;
				INFOPLIST_KEY_UIApplicationSupportsIndirectInputEvents = YES;
				INFOPLIST_KEY_UILaunchStoryboardName = LaunchScreen;
				INFOPLIST_KEY_UIMainStoryboardFile = Main;
				INFOPLIST_KEY_UISupportedInterfaceOrientations_iPad = "UIInterfaceOrientationPortrait UIInterfaceOrientationPortraitUpsideDown UIInterfaceOrientationLandscapeLeft UIInterfaceOrientationLandscapeRight";
				INFOPLIST_KEY_UISupportedInterfaceOrientations_iPhone = "UIInterfaceOrientationPortrait UIInterfaceOrientationLandscapeLeft UIInterfaceOrientationLandscapeRight";
				LD_RUNPATH_SEARCH_PATHS = (
					"$(inherited)",
					"@executable_path/Frameworks",
				);
				MARKETING_VERSION = 1.0;
				PRODUCT_BUNDLE_IDENTIFIER = com.iutsd.meme;
				PRODUCT_NAME = "$(TARGET_NAME)";
				SWIFT_EMIT_LOC_STRINGS = YES;
				SWIFT_VERSION = 5.0;
				TARGETED_DEVICE_FAMILY = "1,2";
			};
			name = Debug;
		};
		028AF2DB27CE07C60083CE85 /* Release */ = {
			isa = XCBuildConfiguration;
			baseConfigurationReference = CBFDFD15D446500327E823C9 /* Pods-meme.release.xcconfig */;
			buildSettings = {
				ASSETCATALOG_COMPILER_APPICON_NAME = AppIcon;
				ASSETCATALOG_COMPILER_GLOBAL_ACCENT_COLOR_NAME = AccentColor;
				CODE_SIGN_STYLE = Automatic;
				CURRENT_PROJECT_VERSION = 1;
				GENERATE_INFOPLIST_FILE = YES;
				INFOPLIST_FILE = meme/Info.plist;
				INFOPLIST_KEY_UIApplicationSupportsIndirectInputEvents = YES;
				INFOPLIST_KEY_UILaunchStoryboardName = LaunchScreen;
				INFOPLIST_KEY_UIMainStoryboardFile = Main;
				INFOPLIST_KEY_UISupportedInterfaceOrientations_iPad = "UIInterfaceOrientationPortrait UIInterfaceOrientationPortraitUpsideDown UIInterfaceOrientationLandscapeLeft UIInterfaceOrientationLandscapeRight";
				INFOPLIST_KEY_UISupportedInterfaceOrientations_iPhone = "UIInterfaceOrientationPortrait UIInterfaceOrientationLandscapeLeft UIInterfaceOrientationLandscapeRight";
				LD_RUNPATH_SEARCH_PATHS = (
					"$(inherited)",
					"@executable_path/Frameworks",
				);
				MARKETING_VERSION = 1.0;
				PRODUCT_BUNDLE_IDENTIFIER = com.iutsd.meme;
				PRODUCT_NAME = "$(TARGET_NAME)";
				SWIFT_EMIT_LOC_STRINGS = YES;
				SWIFT_VERSION = 5.0;
				TARGETED_DEVICE_FAMILY = "1,2";
			};
			name = Release;
		};
		028AF2DD27CE07C60083CE85 /* Debug */ = {
			isa = XCBuildConfiguration;
			baseConfigurationReference = 1C61BBF79A400B442E463BD7 /* Pods-memeTests.debug.xcconfig */;
			buildSettings = {
				ALWAYS_EMBED_SWIFT_STANDARD_LIBRARIES = YES;
				BUNDLE_LOADER = "$(TEST_HOST)";
				CODE_SIGN_STYLE = Automatic;
				CURRENT_PROJECT_VERSION = 1;
				GENERATE_INFOPLIST_FILE = YES;
				IPHONEOS_DEPLOYMENT_TARGET = 15.0;
				LD_RUNPATH_SEARCH_PATHS = (
					"$(inherited)",
					"@executable_path/Frameworks",
					"@loader_path/Frameworks",
				);
				MARKETING_VERSION = 1.0;
				PRODUCT_BUNDLE_IDENTIFIER = com.iutsd.memeTests;
				PRODUCT_NAME = "$(TARGET_NAME)";
				SWIFT_EMIT_LOC_STRINGS = NO;
				SWIFT_VERSION = 5.0;
				TARGETED_DEVICE_FAMILY = "1,2";
				TEST_HOST = "$(BUILT_PRODUCTS_DIR)/meme.app/meme";
			};
			name = Debug;
		};
		028AF2DE27CE07C60083CE85 /* Release */ = {
			isa = XCBuildConfiguration;
			baseConfigurationReference = 6911BA9D8C273D8B69AD49B4 /* Pods-memeTests.release.xcconfig */;
			buildSettings = {
				ALWAYS_EMBED_SWIFT_STANDARD_LIBRARIES = YES;
				BUNDLE_LOADER = "$(TEST_HOST)";
				CODE_SIGN_STYLE = Automatic;
				CURRENT_PROJECT_VERSION = 1;
				GENERATE_INFOPLIST_FILE = YES;
				IPHONEOS_DEPLOYMENT_TARGET = 15.0;
				LD_RUNPATH_SEARCH_PATHS = (
					"$(inherited)",
					"@executable_path/Frameworks",
					"@loader_path/Frameworks",
				);
				MARKETING_VERSION = 1.0;
				PRODUCT_BUNDLE_IDENTIFIER = com.iutsd.memeTests;
				PRODUCT_NAME = "$(TARGET_NAME)";
				SWIFT_EMIT_LOC_STRINGS = NO;
				SWIFT_VERSION = 5.0;
				TARGETED_DEVICE_FAMILY = "1,2";
				TEST_HOST = "$(BUILT_PRODUCTS_DIR)/meme.app/meme";
			};
			name = Release;
		};
		028AF2E027CE07C60083CE85 /* Debug */ = {
			isa = XCBuildConfiguration;
			baseConfigurationReference = 29CF791CA793DED74BA07DCA /* Pods-meme-memeUITests.debug.xcconfig */;
			buildSettings = {
				ALWAYS_EMBED_SWIFT_STANDARD_LIBRARIES = YES;
				CODE_SIGN_STYLE = Automatic;
				CURRENT_PROJECT_VERSION = 1;
				GENERATE_INFOPLIST_FILE = YES;
				LD_RUNPATH_SEARCH_PATHS = (
					"$(inherited)",
					"@executable_path/Frameworks",
					"@loader_path/Frameworks",
				);
				MARKETING_VERSION = 1.0;
				PRODUCT_BUNDLE_IDENTIFIER = com.iutsd.memeUITests;
				PRODUCT_NAME = "$(TARGET_NAME)";
				SWIFT_EMIT_LOC_STRINGS = NO;
				SWIFT_VERSION = 5.0;
				TARGETED_DEVICE_FAMILY = "1,2";
				TEST_TARGET_NAME = meme;
			};
			name = Debug;
		};
		028AF2E127CE07C60083CE85 /* Release */ = {
			isa = XCBuildConfiguration;
			baseConfigurationReference = A0A23A9603567C4448F6E862 /* Pods-meme-memeUITests.release.xcconfig */;
			buildSettings = {
				ALWAYS_EMBED_SWIFT_STANDARD_LIBRARIES = YES;
				CODE_SIGN_STYLE = Automatic;
				CURRENT_PROJECT_VERSION = 1;
				GENERATE_INFOPLIST_FILE = YES;
				LD_RUNPATH_SEARCH_PATHS = (
					"$(inherited)",
					"@executable_path/Frameworks",
					"@loader_path/Frameworks",
				);
				MARKETING_VERSION = 1.0;
				PRODUCT_BUNDLE_IDENTIFIER = com.iutsd.memeUITests;
				PRODUCT_NAME = "$(TARGET_NAME)";
				SWIFT_EMIT_LOC_STRINGS = NO;
				SWIFT_VERSION = 5.0;
				TARGETED_DEVICE_FAMILY = "1,2";
				TEST_TARGET_NAME = meme;
			};
			name = Release;
		};
/* End XCBuildConfiguration section */

/* Begin XCConfigurationList section */
		028AF2AA27CE07C50083CE85 /* Build configuration list for PBXProject "meme" */ = {
			isa = XCConfigurationList;
			buildConfigurations = (
				028AF2D727CE07C60083CE85 /* Debug */,
				028AF2D827CE07C60083CE85 /* Release */,
			);
			defaultConfigurationIsVisible = 0;
			defaultConfigurationName = Release;
		};
		028AF2D927CE07C60083CE85 /* Build configuration list for PBXNativeTarget "meme" */ = {
			isa = XCConfigurationList;
			buildConfigurations = (
				028AF2DA27CE07C60083CE85 /* Debug */,
				028AF2DB27CE07C60083CE85 /* Release */,
			);
			defaultConfigurationIsVisible = 0;
			defaultConfigurationName = Release;
		};
		028AF2DC27CE07C60083CE85 /* Build configuration list for PBXNativeTarget "memeTests" */ = {
			isa = XCConfigurationList;
			buildConfigurations = (
				028AF2DD27CE07C60083CE85 /* Debug */,
				028AF2DE27CE07C60083CE85 /* Release */,
			);
			defaultConfigurationIsVisible = 0;
			defaultConfigurationName = Release;
		};
		028AF2DF27CE07C60083CE85 /* Build configuration list for PBXNativeTarget "memeUITests" */ = {
			isa = XCConfigurationList;
			buildConfigurations = (
				028AF2E027CE07C60083CE85 /* Debug */,
				028AF2E127CE07C60083CE85 /* Release */,
			);
			defaultConfigurationIsVisible = 0;
			defaultConfigurationName = Release;
		};
/* End XCConfigurationList section */
	};
	rootObject = 028AF2A727CE07C50083CE85 /* Project object */;
}
